---
SkyBlock:
  novastark1245:
    Name: ""
    Members:
    - NovaStark1245
    Banned: []
    Locked: false
    Value: 89
    Spawn:
      X: 4207
      "Y": 34
      Z: 4205
    Area:
      start:
        X: 4157
        "Y": 0
        Z: 4155
      end:
        X: 4257
        "Y": 256
        Z: 4255
    Settings:
      Build: "on"
      Break: "on"
      Pickup: "on"
      Anvil: "on"
      Chest: "on"
      CraftingTable: "on"
      Fly: "on"
      Hopper: "on"
      Brewing: "on"
      Beacon: "on"
      Buckets: "on"
      PVP: "on"
      FlintAndSteel: "on"
      Furnace: "on"
      EnderChest: "on"
  vietngu1280:
    Name: ""
    Members:
    - VietNgu1280
    Banned: []
    Locked: false
    Value: 0
    Spawn:
      X: 4507
      "Y": 34
      Z: 4505
    Area:
      start:
        X: 4457
        "Y": 0
        Z: 4455
      end:
        X: 4557
        "Y": 256
        Z: 4555
    Settings:
      Build: "on"
      Break: "on"
      Pickup: "on"
      Anvil: "on"
      Chest: "on"
      CraftingTable: "on"
      Fly: "on"
      Hopper: "on"
      Brewing: "on"
      Beacon: "on"
      Buckets: "on"
      PVP: "on"
      FlintAndSteel: "on"
      Furnace: "on"
      EnderChest: "on"
  bangn090kna:
    Name: ""
    Members:
    - Bangn090kna
    Banned: []
    Locked: false
    Value: 0
    Spawn:
      X: 4807
      "Y": 34
      Z: 4805
    Area:
      start:
        X: 4757
        "Y": 0
        Z: 4755
      end:
        X: 4857
        "Y": 256
        Z: 4855
    Settings:
      Build: "on"
      Break: "on"
      Pickup: "on"
      Anvil: "on"
      Chest: "on"
      CraftingTable: "on"
      Fly: "on"
      Hopper: "on"
      Brewing: "on"
      Beacon: "on"
      Buckets: "on"
      PVP: "on"
      FlintAndSteel: "on"
      Furnace: "on"
      EnderChest: "on"
Islands: 17
Custom: true
CustomX: 7
CustomY: 19
CustomZ: 5
Pos1: true
Pos2: true
x1: -325
x2: -314
y1: 47
y2: 71
z1: 425
z2: 417
blocks: []
Blocks:
- 0 0
- 0 0
- 0 0
- 0 0
- 0 0
- 0 0
- 0 0
- 0 0
- 0 0
- 0 0
- 0 0
- 0 0
- 0 0
- 0 0
- 0 0
- 0 0
- 0 0
- 0 0
- 0 0
- 0 0
- 0 0
- 0 0
- 0 0
- 0 0
- 0 0
- 0 0
- 0 0
- 0 0
- 0 0
- 0 0
- 0 0
- 0 0
- 0 0
- 0 0
- 0 0
- 0 0
- 0 0
- 0 0
- 0 0
- 0 0
- 0 0
- 0 0
- 0 0
- 0 0
- 0 0
- 0 0
- 0 0
- 0 0
- 0 0
- 0 0
- 0 0
- 0 0
- 0 0
- 0 0
- 0 0
- 0 0
- 0 0
- 0 0
- 0 0
- 0 0
- 0 0
- 0 0
- 0 0
- 0 0
- 0 0
- 0 0
- 0 0
- 0 0
- 0 0
- 0 0
- 0 0
- 0 0
- 0 0
- 0 0
- 0 0
- 0 0
- 0 0
- 0 0
- 0 0
- 0 0
- 0 0
- 0 0
- 0 0
- 0 0
- 0 0
- 0 0
- 0 0
- 0 0
- 0 0
- 0 0
- 0 0
- 0 0
- 0 0
- 0 0
- 0 0
- 0 0
- 0 0
- 0 0
- 0 0
- 0 0
- 0 0
- 0 0
- 0 0
- 0 0
- 0 0
- 0 0
- 0 0
- 0 0
- 0 0
- 0 0
- 0 0
- 0 0
- 0 0
- 0 0
- 0 0
- 0 0
- 0 0
- 0 0
- 0 0
- 0 0
- 0 0
- 0 0
- 0 0
- 0 0
- 0 0
- 0 0
- 0 0
- 0 0
- 0 0
- 0 0
- 0 0
- 4 0
- 0 0
- 0 0
- 0 0
- 0 0
- 0 0
- 0 0
- 0 0
- 0 0
- 1 0
- 0 0
- 0 0
- 0 0
- 0 0
- 0 0
- 0 0
- 0 0
- 0 0
- 2 0
- 0 0
- 0 0
- 0 0
- 0 0
- 0 0
- 0 0
- 0 0
- 0 0
- 0 0
- 0 0
- 0 0
- 0 0
- 0 0
- 0 0
- 0 0
- 0 0
- 0 0
- 0 0
- 0 0
- 0 0
- 0 0
- 0 0
- 0 0
- 0 0
- 0 0
- 0 0
- 0 0
- 0 0
- 0 0
- 0 0
- 0 0
- 0 0
- 0 0
- 0 0
- 0 0
- 0 0
- 0 0
- 0 0
- 0 0
- 0 0
- 0 0
- 0 0
- 0 0
- 0 0
- 0 0
- 0 0
- 0 0
- 0 0
- 0 0
- 0 0
- 0 0
- 0 0
- 0 0
- 0 0
- 0 0
- 0 0
- 0 0
- 0 0
- 0 0
- 0 0
- 0 0
- 0 0
- 0 0
- 0 0
- 0 0
- 0 0
- 0 0
- 0 0
- 0 0
- 0 0
- 0 0
- 0 0
- 0 0
- 0 0
- 0 0
- 0 0
- 0 0
- 0 0
- 0 0
- 0 0
- 0 0
- 0 0
- 0 0
- 0 0
- 0 0
- 0 0
- 0 0
- 0 0
- 0 0
- 0 0
- 0 0
- 0 0
- 0 0
- 0 0
- 0 0
- 0 0
- 0 0
- 0 0
- 0 0
- 0 0
- 0 0
- 0 0
- 0 0
- 0 0
- 0 0
- 0 0
- 0 0
- 0 0
- 0 0
- 0 0
- 0 0
- 0 0
- 0 0
- 0 0
- 0 0
- 0 0
- 0 0
- 0 0
- 0 0
- 0 0
- 0 0
- 0 0
- 0 0
- 0 0
- 0 0
- 0 0
- 0 0
- 0 0
- 0 0
- 0 0
- 0 0
- 0 0
- 0 0
- 0 0
- 0 0
- 0 0
- 0 0
- 0 0
- 0 0
- 0 0
- 0 0
- 0 0
- 0 0
- 0 0
- 0 0
- 0 0
- 0 0
- 0 0
- 0 0
- 0 0
- 0 0
- 0 0
- 0 0
- 0 0
- 0 0
- 0 0
- 0 0
- 0 0
- 0 0
- 0 0
- 0 0
- 0 0
- 0 0
- 0 0
- 0 0
- 0 0
- 0 0
- 0 0
- 0 0
- 4 0
- 0 0
- 0 0
- 0 0
- 0 0
- 0 0
- 0 0
- 0 0
- 18 8
- 1 0
- 18 8
- 0 0
- 0 0
- 0 0
- 0 0
- 0 0
- 0 0
- 1 0
- 1 0
- 1 0
- 18 8
- 0 0
- 0 0
- 0 0
- 0 0
- 0 0
- 0 0
- 1 0
- 1 0
- 4 0
- 0 0
- 0 0
- 0 0
- 0 0
- 4 0
- 4 0
- 4 0
- 1 0
- 4 0
- 18 8
- 0 0
- 0 0
- 0 0
- 2 0
- 4 0
- 1 0
- 1 0
- 3 0
- 0 0
- 0 0
- 0 0
- 0 0
- 0 0
- 2 0
- 3 0
- 3 0
- 3 0
- 0 0
- 0 0
- 0 0
- 0 0
- 0 0
- 0 0
- 12 0
- 12 0
- 12 0
- 0 0
- 0 0
- 0 0
- 0 0
- 0 0
- 0 0
- 83 1
- 83 6
- 83 13
- 0 0
- 0 0
- 0 0
- 0 0
- 0 0
- 0 0
- 83 0
- 83 0
- 83 0
- 0 0
- 0 0
- 0 0
- 0 0
- 0 0
- 0 0
- 83 0
- 83 0
- 83 0
- 0 0
- 0 0
- 0 0
- 0 0
- 0 0
- 0 0
- 0 0
- 0 0
- 0 0
- 0 0
- 0 0
- 0 0
- 0 0
- 0 0
- 0 0
- 0 0
- 0 0
- 0 0
- 0 0
- 0 0
- 0 0
- 0 0
- 0 0
- 0 0
- 0 0
- 0 0
- 0 0
- 0 0
- 0 0
- 0 0
- 0 0
- 0 0
- 0 0
- 0 0
- 0 0
- 0 0
- 0 0
- 0 0
- 0 0
- 0 0
- 0 0
- 0 0
- 0 0
- 0 0
- 0 0
- 0 0
- 0 0
- 0 0
- 0 0
- 0 0
- 0 0
- 0 0
- 0 0
- 0 0
- 0 0
- 0 0
- 0 0
- 0 0
- 0 0
- 0 0
- 0 0
- 0 0
- 0 0
- 0 0
- 0 0
- 0 0
- 0 0
- 0 0
- 0 0
- 0 0
- 0 0
- 0 0
- 0 0
- 0 0
- 0 0
- 0 0
- 0 0
- 0 0
- 0 0
- 0 0
- 0 0
- 0 0
- 0 0
- 0 0
- 0 0
- 0 0
- 0 0
- 0 0
- 0 0
- 0 0
- 0 0
- 0 0
- 0 0
- 0 0
- 0 0
- 0 0
- 0 0
- 0 0
- 0 0
- 0 0
- 0 0
- 0 0
- 0 0
- 0 0
- 0 0
- 0 0
- 0 0
- 0 0
- 0 0
- 0 0
- 0 0
- 0 0
- 0 0
- 0 0
- 0 0
- 0 0
- 0 0
- 0 0
- 0 0
- 0 0
- 0 0
- 0 0
- 0 0
- 0 0
- 0 0
- 0 0
- 0 0
- 0 0
- 0 0
- 0 0
- 0 0
- 0 0
- 0 0
- 0 0
- 0 0
- 0 0
- 0 0
- 0 0
- 0 0
- 0 0
- 0 0
- 4 0
- 4 0
- 0 0
- 0 0
- 0 0
- 0 0
- 0 0
- 18 8
- 1 0
- 1 0
- 1 0
- 18 8
- 0 0
- 0 0
- 0 0
- 0 0
- 1 0
- 1 0
- 4 0
- 4 0
- 1 0
- 18 8
- 0 0
- 0 0
- 1 0
- 1 0
- 4 0
- 4 0
- 4 0
- 1 0
- 1 0
- 0 0
- 0 0
- 3 0
- 4 0
- 4 0
- 1 0
- 4 0
- 1 0
- 3 0
- 0 0
- 0 0
- 2 0
- 2 0
- 1 0
- 4 0
- 4 0
- 2 0
- 12 0
- 0 0
- 0 0
- 0 0
- 0 0
- 12 0
- 9 0
- 9 0
- 9 0
- 12 0
- 0 0
- 0 0
- 0 0
- 0 0
- 83 2
- 0 0
- 0 0
- 0 0
- 83 9
- 0 0
- 0 0
- 0 0
- 0 0
- 83 0
- 0 0
- 0 0
- 0 0
- 83 0
- 0 0
- 0 0
- 0 0
- 0 0
- 83 0
- 0 0
- 0 0
- 0 0
- 83 0
- 0 0
- 0 0
- 0 0
- 0 0
- 0 0
- 0 0
- 0 0
- 0 0
- 0 0
- 0 0
- 0 0
- 0 0
- 0 0
- 0 0
- 0 0
- 0 0
- 0 0
- 0 0
- 0 0
- 0 0
- 0 0
- 0 0
- 0 0
- 0 0
- 0 0
- 0 0
- 0 0
- 0 0
- 0 0
- 0 0
- 0 0
- 0 0
- 0 0
- 0 0
- 0 0
- 0 0
- 0 0
- 0 0
- 0 0
- 0 0
- 0 0
- 0 0
- 0 0
- 0 0
- 0 0
- 0 0
- 0 0
- 0 0
- 0 0
- 0 0
- 0 0
- 0 0
- 0 0
- 0 0
- 0 0
- 0 0
- 0 0
- 0 0
- 0 0
- 0 0
- 0 0
- 0 0
- 0 0
- 0 0
- 0 0
- 0 0
- 0 0
- 0 0
- 0 0
- 0 0
- 0 0
- 0 0
- 0 0
- 0 0
- 0 0
- 0 0
- 0 0
- 0 0
- 0 0
- 0 0
- 0 0
- 0 0
- 0 0
- 0 0
- 0 0
- 0 0
- 0 0
- 0 0
- 0 0
- 0 0
- 0 0
- 0 0
- 0 0
- 0 0
- 0 0
- 0 0
- 0 0
- 0 0
- 0 0
- 0 0
- 0 0
- 0 0
- 0 0
- 0 0
- 18 8
- 0 0
- 0 0
- 0 0
- 0 0
- 0 0
- 0 0
- 0 0
- 0 0
- 18 8
- 0 0
- 0 0
- 0 0
- 0 0
- 0 0
- 0 0
- 0 0
- 18 8
- 4 0
- 18 8
- 0 0
- 0 0
- 0 0
- 0 0
- 0 0
- 0 0
- 18 8
- 4 0
- 1 0
- 0 0
- 0 0
- 0 0
- 0 0
- 0 0
- 0 0
- 4 0
- 4 0
- 1 0
- 18 8
- 0 0
- 0 0
- 0 0
- 0 0
- 1 0
- 4 0
- 4 0
- 1 0
- 1 0
- 0 0
- 0 0
- 0 0
- 4 0
- 1 0
- 1 0
- 4 0
- 4 0
- 1 0
- 4 0
- 0 0
- 1 0
- 1 0
- 1 0
- 4 0
- 1 0
- 1 0
- 4 0
- 1 0
- 18 8
- 3 0
- 1 0
- 4 0
- 4 0
- 1 0
- 1 0
- 4 0
- 1 0
- 1 0
- 2 0
- 4 0
- 4 0
- 4 0
- 1 0
- 4 0
- 4 0
- 3 0
- 2 0
- 0 0
- 2 0
- 2 0
- 12 0
- 9 0
- 9 0
- 9 0
- 12 0
- 0 0
- 0 0
- 0 0
- 0 0
- 83 13
- 0 0
- 0 0
- 0 0
- 83 13
- 0 0
- 0 0
- 0 0
- 0 0
- 83 0
- 0 0
- 0 0
- 0 0
- 83 0
- 0 0
- 0 0
- 0 0
- 0 0
- 83 0
- 0 0
- 0 0
- 0 0
- 83 0
- 0 0
- 0 0
- 0 0
- 0 0
- 0 0
- 0 0
- 0 0
- 0 0
- 0 0
- 0 0
- 0 0
- 0 0
- 0 0
- 0 0
- 0 0
- 0 0
- 0 0
- 0 0
- 0 0
- 0 0
- 0 0
- 0 0
- 0 0
- 0 0
- 0 0
- 0 0
- 0 0
- 0 0
- 0 0
- 0 0
- 0 0
- 0 0
- 0 0
- 0 0
- 0 0
- 0 0
- 0 0
- 0 0
- 0 0
- 0 0
- 0 0
- 0 0
- 0 0
- 0 0
- 0 0
- 0 0
- 0 0
- 0 0
- 0 0
- 0 0
- 0 0
- 0 0
- 0 0
- 0 0
- 0 0
- 0 0
- 0 0
- 0 0
- 0 0
- 18 8
- 0 0
- 0 0
- 0 0
- 0 0
- 0 0
- 0 0
- 0 0
- 0 0
- 18 8
- 0 0
- 0 0
- 0 0
- 0 0
- 0 0
- 0 0
- 0 0
- 0 0
- 0 0
- 0 0
- 0 0
- 0 0
- 0 0
- 0 0
- 0 0
- 0 0
- 0 0
- 4 0
- 0 0
- 0 0
- 0 0
- 0 0
- 0 0
- 0 0
- 0 0
- 0 0
- 1 0
- 0 0
- 0 0
- 0 0
- 0 0
- 0 0
- 0 0
- 0 0
- 0 0
- 1 0
- 4 0
- 0 0
- 0 0
- 0 0
- 0 0
- 0 0
- 0 0
- 0 0
- 1 0
- 18 8
- 0 0
- 0 0
- 0 0
- 0 0
- 0 0
- 0 0
- 1 0
- 4 0
- 1 0
- 18 8
- 0 0
- 0 0
- 0 0
- 0 0
- 18 8
- 1 0
- 4 0
- 1 0
- 18 8
- 0 0
- 0 0
- 0 0
- 0 0
- 18 8
- 1 0
- 1 0
- 1 0
- 4 0
- 18 8
- 0 0
- 0 0
- 1 0
- 4 0
- 1 0
- 4 0
- 4 0
- 4 0
- 4 0
- 18 8
- 1 0
- 4 0
- 4 0
- 4 0
- 1 0
- 4 0
- 4 0
- 4 0
- 18 8
- 1 0
- 4 0
- 4 0
- 4 0
- 1 0
- 4 0
- 1 0
- 1 0
- 1 0
- 1 0
- 1 0
- 4 0
- 1 0
- 4 0
- 1 0
- 4 0
- 1 0
- 3 0
- 3 0
- 1 0
- 1 0
- 4 0
- 1 0
- 4 0
- 1 0
- 1 0
- 2 0
- 2 0
- 2 0
- 2 0
- 2 0
- 2 0
- 2 0
- 9 0
- 12 0
- 0 0
- 0 0
- 54 3
- 0 0
- 0 0
- 0 0
- 0 0
- 0 0
- 83 4
- 0 0
- 0 0
- 0 0
- 0 0
- 0 0
- 0 0
- 0 0
- 0 0
- 83 0
- 0 0
- 18 8
- 18 8
- 18 8
- 0 0
- 0 0
- 0 0
- 0 0
- 83 0
- 0 0
- 18 8
- 18 8
- 18 8
- 0 0
- 0 0
- 0 0
- 0 0
- 0 0
- 0 0
- 0 0
- 0 0
- 0 0
- 0 0
- 0 0
- 0 0
- 0 0
- 0 0
- 0 0
- 0 0
- 0 0
- 0 0
- 0 0
- 0 0
- 0 0
- 0 0
- 0 0
- 0 0
- 0 0
- 0 0
- 0 0
- 0 0
- 0 0
- 0 0
- 0 0
- 0 0
- 0 0
- 0 0
- 0 0
- 0 0
- 0 0
- 18 8
- 0 0
- 0 0
- 0 0
- 0 0
- 0 0
- 0 0
- 0 0
- 0 0
- 18 8
- 0 0
- 0 0
- 0 0
- 0 0
- 0 0
- 0 0
- 0 0
- 0 0
- 18 8
- 0 0
- 0 0
- 0 0
- 0 0
- 0 0
- 0 0
- 0 0
- 0 0
- 1 0
- 0 0
- 0 0
- 0 0
- 0 0
- 0 0
- 0 0
- 0 0
- 18 8
- 4 0
- 0 0
- 0 0
- 0 0
- 0 0
- 0 0
- 0 0
- 0 0
- 18 8
- 1 0
- 0 0
- 0 0
- 0 0
- 0 0
- 0 0
- 0 0
- 0 0
- 1 0
- 4 0
- 1 0
- 0 0
- 0 0
- 0 0
- 0 0
- 0 0
- 0 0
- 4 0
- 1 0
- 1 0
- 0 0
- 0 0
- 0 0
- 0 0
- 18 8
- 0 0
- 4 0
- 4 0
- 1 0
- 0 0
- 0 0
- 0 0
- 0 0
- 18 8
- 0 0
- 1 0
- 1 0
- 4 0
- 0 0
- 0 0
- 0 0
- 0 0
- 0 0
- 4 0
- 4 0
- 1 0
- 1 0
- 18 8
- 1 0
- 0 0
- 0 0
- 18 8
- 4 0
- 4 0
- 4 0
- 1 0
- 4 0
- 1 0
- 0 0
- 4 0
- 18 8
- 1 0
- 1 0
- 1 0
- 1 0
- 1 0
- 4 0
- 4 0
- 1 0
- 1 0
- 4 0
- 1 0
- 1 0
- 4 0
- 4 0
- 1 0
- 1 0
- 1 0
- 4 0
- 4 0
- 1 0
- 4 0
- 1 0
- 4 0
- 1 0
- 1 0
- 1 0
- 4 0
- 1 0
- 1 0
- 4 0
- 1 0
- 4 0
- 1 0
- 4 0
- 1 0
- 4 0
- 4 0
- 1 0
- 1 0
- 4 0
- 1 0
- 4 0
- 2 0
- 2 0
- 2 0
- 2 0
- 2 0
- 2 0
- 2 0
- 12 0
- 12 0
- 0 0
- 0 0
- 54 3
- 0 0
- 0 0
- 0 0
- 0 0
- 83 7
- 83 3
- 0 0
- 0 0
- 0 0
- 0 0
- 0 0
- 0 0
- 0 0
- 83 0
- 83 0
- 0 0
- 18 8
- 18 8
- 18 8
- 18 8
- 0 0
- 0 0
- 83 0
- 83 0
- 0 0
- 18 8
- 18 8
- 18 8
- 18 8
- 0 0
- 0 0
- 0 0
- 0 0
- 0 0
- 18 8
- 18 8
- 18 8
- 0 0
- 0 0
- 0 0
- 0 0
- 0 0
- 0 0
- 0 0
- 18 8
- 0 0
- 0 0
- 0 0
- 0 0
- 0 0
- 0 0
- 0 0
- 0 0
- 0 0
- 0 0
- 0 0
- 0 0
- 0 0
- 0 0
- 0 0
- 0 0
- 0 0
- 0 0
- 0 0
- 0 0
- 0 0
- 0 0
- 0 0
- 0 0
- 0 0
- 0 0
- 0 0
- 0 0
- 0 0
- 0 0
- 0 0
- 0 0
- 0 0
- 0 0
- 0 0
- 0 0
- 0 0
- 0 0
- 0 0
- 0 0
- 0 0
- 0 0
- 0 0
- 0 0
- 0 0
- 0 0
- 0 0
- 0 0
- 0 0
- 0 0
- 0 0
- 0 0
- 0 0
- 0 0
- 0 0
- 0 0
- 0 0
- 0 0
- 0 0
- 0 0
- 0 0
- 0 0
- 0 0
- 0 0
- 0 0
- 18 8
- 0 0
- 0 0
- 0 0
- 0 0
- 0 0
- 0 0
- 0 0
- 0 0
- 18 8
- 18 8
- 0 0
- 0 0
- 0 0
- 0 0
- 18 8
- 0 0
- 0 0
- 1 0
- 18 8
- 0 0
- 0 0
- 0 0
- 0 0
- 0 0
- 0 0
- 0 0
- 4 0
- 18 8
- 0 0
- 0 0
- 0 0
- 0 0
- 0 0
- 0 0
- 1 0
- 4 0
- 18 8
- 0 0
- 0 0
- 0 0
- 1 0
- 0 0
- 0 0
- 4 0
- 4 0
- 4 0
- 18 8
- 0 0
- 0 0
- 1 0
- 0 0
- 1 0
- 4 0
- 4 0
- 1 0
- 4 0
- 18 8
- 0 0
- 4 0
- 18 8
- 1 0
- 1 0
- 4 0
- 1 0
- 4 0
- 1 0
- 0 0
- 1 0
- 1 0
- 4 0
- 1 0
- 4 0
- 4 0
- 4 0
- 4 0
- 4 0
- 4 0
- 4 0
- 1 0
- 1 0
- 4 0
- 1 0
- 1 0
- 1 0
- 1 0
- 4 0
- 4 0
- 4 0
- 1 0
- 4 0
- 1 0
- 4 0
- 4 0
- 0 0
- 12 0
- 12 0
- 1 0
- 1 0
- 4 0
- 4 0
- 1 0
- 3 0
- 0 0
- 2 0
- 3 0
- 2 0
- 2 0
- 7 0
- 2 0
- 2 0
- 2 0
- 0 0
- 0 0
- 17 0
- 0 0
- 0 0
- 0 0
- 0 0
- 0 0
- 0 0
- 0 0
- 0 0
- 17 0
- 50 3
- 0 0
- 0 0
- 0 0
- 0 0
- 0 0
- 0 0
- 18 8
- 17 0
- 18 8
- 18 8
- 0 0
- 0 0
- 0 0
- 0 0
- 0 0
- 18 8
- 17 0
- 18 8
- 18 8
- 0 0
- 0 0
- 0 0
- 0 0
- 0 0
- 18 8
- 18 8
- 18 8
- 0 0
- 0 0
- 0 0
- 0 0
- 0 0
- 0 0
- 18 8
- 18 8
- 18 8
- 0 0
- 0 0
- 0 0
- 0 0
- 0 0
- 0 0
- 0 0
- 0 0
- 0 0
- 0 0
- 0 0
- 0 0
- 0 0
- 0 0
- 0 0
- 0 0
- 0 0
- 0 0
- 0 0
- 0 0
- 0 0
- 0 0
- 0 0
- 0 0
- 0 0
- 0 0
- 0 0
- 0 0
- 0 0
- 0 0
- 0 0
- 0 0
- 0 0
- 0 0
- 0 0
- 0 0
- 0 0
- 0 0
- 0 0
- 0 0
- 0 0
- 0 0
- 0 0
- 0 0
- 0 0
- 0 0
- 0 0
- 0 0
- 0 0
- 0 0
- 0 0
- 0 0
- 0 0
- 0 0
- 0 0
- 0 0
- 0 0
- 0 0
- 0 0
- 0 0
- 0 0
- 0 0
- 0 0
- 0 0
- 0 0
- 0 0
- 0 0
- 0 0
- 0 0
- 0 0
- 0 0
- 0 0
- 0 0
- 0 0
- 0 0
- 0 0
- 0 0
- 0 0
- 0 0
- 0 0
- 0 0
- 0 0
- 0 0
- 0 0
- 0 0
- 0 0
- 0 0
- 0 0
- 18 8
- 0 0
- 0 0
- 0 0
- 0 0
- 0 0
- 0 0
- 0 0
- 0 0
- 18 8
- 0 0
- 0 0
- 1 0
- 0 0
- 0 0
- 0 0
- 0 0
- 0 0
- 0 0
- 0 0
- 0 0
- 1 0
- 18 8
- 0 0
- 0 0
- 0 0
- 0 0
- 0 0
- 0 0
- 4 0
- 4 0
- 1 0
- 18 8
- 0 0
- 0 0
- 0 0
- 0 0
- 1 0
- 4 0
- 1 0
- 1 0
- 1 0
- 18 8
- 0 0
- 1 0
- 18 8
- 1 0
- 4 0
- 4 0
- 4 0
- 4 0
- 1 0
- 0 0
- 1 0
- 1 0
- 4 0
- 4 0
- 4 0
- 4 0
- 1 0
- 1 0
- 0 0
- 1 0
- 4 0
- 1 0
- 4 0
- 1 0
- 4 0
- 4 0
- 3 0
- 0 0
- 4 0
- 12 0
- 12 0
- 1 0
- 1 0
- 4 0
- 1 0
- 2 0
- 0 0
- 2 0
- 3 0
- 2 0
- 0 0
- 2 0
- 2 0
- 2 0
- 0 0
- 0 0
- 0 0
- 58 0
- 0 0
- 0 0
- 0 0
- 0 0
- 0 0
- 0 0
- 0 0
- 0 0
- 0 0
- 0 0
- 0 0
- 0 0
- 0 0
- 0 0
- 0 0
- 0 0
- 18 8
- 18 8
- 18 8
- 18 8
- 0 0
- 0 0
- 0 0
- 0 0
- 0 0
- 18 8
- 18 8
- 18 8
- 18 8
- 0 0
- 0 0
- 0 0
- 0 0
- 0 0
- 18 8
- 18 8
- 18 8
- 0 0
- 0 0
- 0 0
- 0 0
- 0 0
- 0 0
- 0 0
- 18 8
- 0 0
- 0 0
- 0 0
- 0 0
- 0 0
- 0 0
- 0 0
- 0 0
- 0 0
- 0 0
- 0 0
- 0 0
- 0 0
- 0 0
- 0 0
- 0 0
- 0 0
- 0 0
- 0 0
- 0 0
- 0 0
- 0 0
- 0 0
- 0 0
- 0 0
- 0 0
- 0 0
- 0 0
- 0 0
- 0 0
- 0 0
- 0 0
- 0 0
- 0 0
- 0 0
- 0 0
- 0 0
- 0 0
- 0 0
- 0 0
- 0 0
- 0 0
- 0 0
- 0 0
- 0 0
- 0 0
- 0 0
- 0 0
- 0 0
- 0 0
- 0 0
- 0 0
- 0 0
- 0 0
- 0 0
- 0 0
- 0 0
- 0 0
- 0 0
- 0 0
- 0 0
- 0 0
- 0 0
- 0 0
- 0 0
- 0 0
- 0 0
- 0 0
- 0 0
- 0 0
- 0 0
- 0 0
- 0 0
- 0 0
- 0 0
- 0 0
- 0 0
- 0 0
- 0 0
- 0 0
- 0 0
- 0 0
- 0 0
- 0 0
- 0 0
- 0 0
- 0 0
- 0 0
- 0 0
- 0 0
- 0 0
- 0 0
- 0 0
- 0 0
- 0 0
- 0 0
- 0 0
- 0 0
- 0 0
- 0 0
- 0 0
- 0 0
- 0 0
- 0 0
- 0 0
- 0 0
- 0 0
- 0 0
- 18 8
- 0 0
- 0 0
- 0 0
- 0 0
- 0 0
- 0 0
- 0 0
- 0 0
- 18 8
- 0 0
- 0 0
- 0 0
- 0 0
- 0 0
- 0 0
- 0 0
- 0 0
- 18 8
- 18 8
- 18 8
- 0 0
- 0 0
- 0 0
- 0 0
- 18 8
- 1 0
- 1 0
- 4 0
- 1 0
- 1 0
- 18 8
- 0 0
- 0 0
- 18 8
- 4 0
- 1 0
- 4 0
- 4 0
- 1 0
- 1 0
- 2 0
- 0 0
- 1 0
- 4 0
- 4 0
- 4 0
- 4 0
- 4 0
- 4 0
- 0 0
- 0 0
- 2 0
- 4 0
- 1 0
- 4 0
- 1 0
- 4 0
- 2 0
- 0 0
- 0 0
- 0 0
- 3 0
- 85 0
- 56 0
- 8 0
- 2 0
- 0 0
- 0 0
- 0 0
- 0 0
- 61 3
- 0 0
- 0 0
- 0 0
- 0 0
- 0 0
- 0 0
- 0 0
- 0 0
- 0 0
- 0 0
- 0 0
- 0 0
- 0 0
- 0 0
- 0 0
- 0 0
- 18 8
- 18 8
- 18 8
- 18 8
- 0 0
- 0 0
- 0 0
- 0 0
- 0 0
- 18 8
- 18 8
- 18 8
- 18 8
- 0 0
- 0 0
- 0 0
- 0 0
- 0 0
- 0 0
- 0 0
- 0 0
- 0 0
- 0 0
- 0 0
- 0 0
- 0 0
- 0 0
- 0 0
- 0 0
- 0 0
- 0 0
- 0 0
- 0 0
- 0 0
- 0 0
- 0 0
- 0 0
- 0 0
- 0 0
- 0 0
- 0 0
- 0 0
- 0 0
- 0 0
- 0 0
- 0 0
- 0 0
- 0 0
- 0 0
- 0 0
- 0 0
- 0 0
- 0 0
- 0 0
- 0 0
- 0 0
- 0 0
- 0 0
- 0 0
- 0 0
- 0 0
- 0 0
- 0 0
- 0 0
- 0 0
- 0 0
- 0 0
- 0 0
- 0 0
- 0 0
- 0 0
- 0 0
- 0 0
- 0 0
- 0 0
- 0 0
- 0 0
- 0 0
- 0 0
- 0 0
- 0 0
- 0 0
- 0 0
- 0 0
- 0 0
- 0 0
- 0 0
- 0 0
- 0 0
- 0 0
- 0 0
- 0 0
- 0 0
- 0 0
- 0 0
- 0 0
- 0 0
- 0 0
- 0 0
- 0 0
- 0 0
- 0 0
- 0 0
- 0 0
- 0 0
- 0 0
- 0 0
- 0 0
- 0 0
- 0 0
- 0 0
- 0 0
- 0 0
- 0 0
- 0 0
- 0 0
- 0 0
- 0 0
- 0 0
- 0 0
- 0 0
- 0 0
- 0 0
- 0 0
- 0 0
- 0 0
- 0 0
- 0 0
- 0 0
- 0 0
- 0 0
- 0 0
- 0 0
- 0 0
- 0 0
- 0 0
- 0 0
- 0 0
- 0 0
- 0 0
- 0 0
- 0 0
- 0 0
- 0 0
- 0 0
- 0 0
- 0 0
- 0 0
- 0 0
- 0 0
- 0 0
- 0 0
- 0 0
- 0 0
- 0 0
- 0 0
- 0 0
- 0 0
- 0 0
- 0 0
- 0 0
- 0 0
- 0 0
- 18 8
- 1 0
- 0 0
- 18 8
- 18 8
- 0 0
- 0 0
- 0 0
- 0 0
- 1 0
- 1 0
- 4 0
- 4 0
- 1 0
- 18 8
- 0 0
- 0 0
- 0 0
- 1 0
- 4 0
- 1 0
- 1 0
- 1 0
- 0 0
- 0 0
- 0 0
- 0 0
- 3 0
- 159 5
- 1 0
- 1 0
- 2 0
- 0 0
- 0 0
- 0 0
- 0 0
- 2 0
- 2 0
- 2 0
- 2 0
- 0 0
- 0 0
- 0 0
- 0 0
- 0 0
- 0 0
- 0 0
- 0 0
- 0 0
- 0 0
- 0 0
- 0 0
- 0 0
- 0 0
- 0 0
- 0 0
- 0 0
- 0 0
- 0 0
- 0 0
- 0 0
- 0 0
- 0 0
- 0 0
- 0 0
- 0 0
- 0 0
- 0 0
- 0 0
- 0 0
- 0 0
- 0 0
- 0 0
- 0 0
- 0 0
- 0 0
- 0 0
- 0 0
- 0 0
- 0 0
- 0 0
- 0 0
- 0 0
- 0 0
- 0 0
- 0 0
- 0 0
- 0 0
- 0 0
- 0 0
- 0 0
- 0 0
- 0 0
- 0 0
- 0 0
- 0 0
- 0 0
- 0 0
- 0 0
- 0 0
- 0 0
- 0 0
- 0 0
- 0 0
- 0 0
- 0 0
- 0 0
- 0 0
- 0 0
- 0 0
- 0 0
- 0 0
- 0 0
- 0 0
- 0 0
- 0 0
- 0 0
- 0 0
- 0 0
- 0 0
- 0 0
- 0 0
- 0 0
- 0 0
- 0 0
- 0 0
- 0 0
- 0 0
- 0 0
- 0 0
- 0 0
- 0 0
- 0 0
- 0 0
- 0 0
- 0 0
- 0 0
- 0 0
- 0 0
- 0 0
- 0 0
- 0 0
- 0 0
- 0 0
- 0 0
- 0 0
- 0 0
- 0 0
- 0 0
- 0 0
- 0 0
- 0 0
- 0 0
- 0 0
- 0 0
- 0 0
- 0 0
- 0 0
- 0 0
- 0 0
- 0 0
- 0 0
- 0 0
- 0 0
- 0 0
- 0 0
- 0 0
- 0 0
- 0 0
- 0 0
- 0 0
- 0 0
- 0 0
- 0 0
- 0 0
- 0 0
- 0 0
- 0 0
- 0 0
- 0 0
- 0 0
- 0 0
- 0 0
- 0 0
- 0 0
- 0 0
- 0 0
- 0 0
- 0 0
- 0 0
- 0 0
- 0 0
- 0 0
- 0 0
- 0 0
- 0 0
- 0 0
- 0 0
- 0 0
- 0 0
- 0 0
- 0 0
- 0 0
- 0 0
- 0 0
- 0 0
- 0 0
- 0 0
- 0 0
- 0 0
- 0 0
- 0 0
- 0 0
- 0 0
- 0 0
- 0 0
- 0 0
- 0 0
- 1 0
- 0 0
- 0 0
- 0 0
- 0 0
- 0 0
- 0 0
- 0 0
- 0 0
- 4 0
- 0 0
- 0 0
- 0 0
- 0 0
- 0 0
- 0 0
- 0 0
- 4 0
- 4 0
- 0 0
- 0 0
- 0 0
- 0 0
- 0 0
- 0 0
- 2 0
- 3 0
- 4 0
- 1 0
- 0 0
- 0 0
- 0 0
- 0 0
- 0 0
- 0 0
- 2 0
- 1 0
- 4 0
- 4 0
- 0 0
- 0 0
- 0 0
- 0 0
- 0 0
- 0 0
- 2 0
- 12 0
- 0 0
- 0 0
- 0 0
- 0 0
- 0 0
- 0 0
- 0 0
- 0 0
- 81 3
- 0 0
- 0 0
- 0 0
- 0 0
- 0 0
- 0 0
- 0 0
- 0 0
- 81 0
- 0 0
- 0 0
- 0 0
- 0 0
- 0 0
- 0 0
- 0 0
- 0 0
- 81 0
- 0 0
- 0 0
- 0 0
- 0 0
- 0 0
- 0 0
- 0 0
- 0 0
- 0 0
- 0 0
- 0 0
- 0 0
- 0 0
- 0 0
- 0 0
- 0 0
- 0 0
- 0 0
- 0 0
- 0 0
- 0 0
- 0 0
- 0 0
- 0 0
- 0 0
- 0 0
- 0 0
- 0 0
- 0 0
- 0 0
- 0 0
- 0 0
- 0 0
- 0 0
- 0 0
- 0 0
- 0 0
- 0 0
- 0 0
- 0 0
- 0 0
- 0 0
- 0 0
- 0 0
- 0 0
- 0 0
- 0 0
- 0 0
- 0 0
- 0 0
- 0 0
- 0 0
- 0 0
- 0 0
- 0 0
- 0 0
- 0 0
- 0 0
- 0 0
- 0 0
- 0 0
- 0 0
- 0 0
- 0 0
- 0 0
- 0 0
- 0 0
- 0 0
- 0 0
- 0 0
- 0 0
- 0 0
- 0 0
- 0 0
- 0 0
- 0 0
- 0 0
- 0 0
- 0 0
- 0 0
- 0 0
- 0 0
- 0 0
- 0 0
- 0 0
- 0 0
- 0 0
- 0 0
- 0 0
- 0 0
- 0 0
- 0 0
- 0 0
- 0 0
- 0 0
- 0 0
- 0 0
- 0 0
- 0 0
- 0 0
- 0 0
- 0 0
- 0 0
- 0 0
- 0 0
- 0 0
- 0 0
- 0 0
- 0 0
- 0 0
- 0 0
- 0 0
- 0 0
- 0 0
- 0 0
- 0 0
- 0 0
- 0 0
- 0 0
- 0 0
- 0 0
- 0 0
- 0 0
- 0 0
- 0 0
- 0 0
- 0 0
- 0 0
- 0 0
- 0 0
- 0 0
- 0 0
- 0 0
- 0 0
- 0 0
- 0 0
- 0 0
- 0 0
- 0 0
- 0 0
- 0 0
- 0 0
- 0 0
- 0 0
- 0 0
- 0 0
- 0 0
- 0 0
- 0 0
- 0 0
- 0 0
- 0 0
- 0 0
- 0 0
- 0 0
- 0 0
- 0 0
- 0 0
- 0 0
- 0 0
- 0 0
- 0 0
- 0 0
- 0 0
- 0 0
- 0 0
- 0 0
- 0 0
- 0 0
- 0 0
- 0 0
- 0 0
- 0 0
- 0 0
- 0 0
- 0 0
- 0 0
- 0 0
- 0 0
- 0 0
- 0 0
- 0 0
- 0 0
- 0 0
- 0 0
- 0 0
- 0 0
- 0 0
- 0 0
- 0 0
- 0 0
- 0 0
- 0 0
- 0 0
- 0 0
- 0 0
- 0 0
- 0 0
- 0 0
- 0 0
- 0 0
- 0 0
- 0 0
- 0 0
- 0 0
- 0 0
- 0 0
- 0 0
- 0 0
- 0 0
- 0 0
- 0 0
- 0 0
- 0 0
- 0 0
- 0 0
- 0 0
- 0 0
- 0 0
- 0 0
- 0 0
- 0 0
- 0 0
- 0 0
- 0 0
- 0 0
- 0 0
- 0 0
- 0 0
- 0 0
- 0 0
- 0 0
- 0 0
- 0 0
- 0 0
- 0 0
- 0 0
- 0 0
- 0 0
- 0 0
- 0 0
- 0 0
- 0 0
- 0 0
- 0 0
- 0 0
- 0 0
- 0 0
- 0 0
- 0 0
- 0 0
- 0 0
- 0 0
- 0 0
- 0 0
- 0 0
- 0 0
- 0 0
- 0 0
- 0 0
- 0 0
- 0 0
- 0 0
- 0 0
- 0 0
...
